// !$*UTF8*$!
{
	archiveVersion = 1;
	classes = {
	};
	objectVersion = 55;
	objects = {

/* Begin PBXBuildFile section */
		AC4F44402944FD0900B7C162 /* AppDelegate.swift in Sources */ = {isa = PBXBuildFile; fileRef = AC4F443F2944FD0900B7C162 /* AppDelegate.swift */; };
		AC4F44422944FD0900B7C162 /* SceneDelegate.swift in Sources */ = {isa = PBXBuildFile; fileRef = AC4F44412944FD0900B7C162 /* SceneDelegate.swift */; };
		AC4F44442944FD0900B7C162 /* ViewController.swift in Sources */ = {isa = PBXBuildFile; fileRef = AC4F44432944FD0900B7C162 /* ViewController.swift */; };
		AC4F44472944FD0900B7C162 /* Main.storyboard in Resources */ = {isa = PBXBuildFile; fileRef = AC4F44452944FD0900B7C162 /* Main.storyboard */; };
		AC4F44492944FD0B00B7C162 /* Assets.xcassets in Resources */ = {isa = PBXBuildFile; fileRef = AC4F44482944FD0B00B7C162 /* Assets.xcassets */; };
		AC4F444C2944FD0B00B7C162 /* LaunchScreen.storyboard in Resources */ = {isa = PBXBuildFile; fileRef = AC4F444A2944FD0B00B7C162 /* LaunchScreen.storyboard */; };
		AC4F44512944FD0B00B7C162 /* NoPonto WatchKit App.app in Embed Watch Content */ = {isa = PBXBuildFile; fileRef = AC4F44502944FD0B00B7C162 /* NoPonto WatchKit App.app */; settings = {ATTRIBUTES = (RemoveHeadersOnCopy, ); }; };
		AC4F44572944FD0B00B7C162 /* Interface.storyboard in Resources */ = {isa = PBXBuildFile; fileRef = AC4F44552944FD0B00B7C162 /* Interface.storyboard */; };
		AC4F44592944FD0C00B7C162 /* Assets.xcassets in Resources */ = {isa = PBXBuildFile; fileRef = AC4F44582944FD0C00B7C162 /* Assets.xcassets */; };
		AC4F445F2944FD0D00B7C162 /* NoPonto WatchKit Extension.appex in Embed App Extensions */ = {isa = PBXBuildFile; fileRef = AC4F445E2944FD0D00B7C162 /* NoPonto WatchKit Extension.appex */; settings = {ATTRIBUTES = (RemoveHeadersOnCopy, ); }; };
		AC4F44642944FD0D00B7C162 /* InterfaceController.swift in Sources */ = {isa = PBXBuildFile; fileRef = AC4F44632944FD0D00B7C162 /* InterfaceController.swift */; };
		AC4F44662944FD0D00B7C162 /* ExtensionDelegate.swift in Sources */ = {isa = PBXBuildFile; fileRef = AC4F44652944FD0D00B7C162 /* ExtensionDelegate.swift */; };
		AC4F44682944FD0D00B7C162 /* ComplicationController.swift in Sources */ = {isa = PBXBuildFile; fileRef = AC4F44672944FD0D00B7C162 /* ComplicationController.swift */; };
		AC4F446A2944FD0E00B7C162 /* Assets.xcassets in Resources */ = {isa = PBXBuildFile; fileRef = AC4F44692944FD0E00B7C162 /* Assets.xcassets */; };
/* End PBXBuildFile section */

/* Begin PBXContainerItemProxy section */
		AC4F44522944FD0B00B7C162 /* PBXContainerItemProxy */ = {
			isa = PBXContainerItemProxy;
			containerPortal = AC4F44342944FD0900B7C162 /* Project object */;
			proxyType = 1;
			remoteGlobalIDString = AC4F444F2944FD0B00B7C162;
			remoteInfo = "NoPonto WatchKit App";
		};
		AC4F44602944FD0D00B7C162 /* PBXContainerItemProxy */ = {
			isa = PBXContainerItemProxy;
			containerPortal = AC4F44342944FD0900B7C162 /* Project object */;
			proxyType = 1;
			remoteGlobalIDString = AC4F445D2944FD0D00B7C162;
			remoteInfo = "NoPonto WatchKit Extension";
		};
/* End PBXContainerItemProxy section */

/* Begin PBXCopyFilesBuildPhase section */
		AC4F44712944FD0E00B7C162 /* Embed App Extensions */ = {
			isa = PBXCopyFilesBuildPhase;
			buildActionMask = 2147483647;
			dstPath = "";
			dstSubfolderSpec = 13;
			files = (
				AC4F445F2944FD0D00B7C162 /* NoPonto WatchKit Extension.appex in Embed App Extensions */,
			);
			name = "Embed App Extensions";
			runOnlyForDeploymentPostprocessing = 0;
		};
		AC4F44752944FD0E00B7C162 /* Embed Watch Content */ = {
			isa = PBXCopyFilesBuildPhase;
			buildActionMask = 2147483647;
			dstPath = "$(CONTENTS_FOLDER_PATH)/Watch";
			dstSubfolderSpec = 16;
			files = (
				AC4F44512944FD0B00B7C162 /* NoPonto WatchKit App.app in Embed Watch Content */,
			);
			name = "Embed Watch Content";
			runOnlyForDeploymentPostprocessing = 0;
		};
/* End PBXCopyFilesBuildPhase section */

/* Begin PBXFileReference section */
		AC4F443C2944FD0900B7C162 /* NoPonto.app */ = {isa = PBXFileReference; explicitFileType = wrapper.application; includeInIndex = 0; path = NoPonto.app; sourceTree = BUILT_PRODUCTS_DIR; };
		AC4F443F2944FD0900B7C162 /* AppDelegate.swift */ = {isa = PBXFileReference; lastKnownFileType = sourcecode.swift; path = AppDelegate.swift; sourceTree = "<group>"; };
		AC4F44412944FD0900B7C162 /* SceneDelegate.swift */ = {isa = PBXFileReference; lastKnownFileType = sourcecode.swift; path = SceneDelegate.swift; sourceTree = "<group>"; };
		AC4F44432944FD0900B7C162 /* ViewController.swift */ = {isa = PBXFileReference; lastKnownFileType = sourcecode.swift; path = ViewController.swift; sourceTree = "<group>"; };
		AC4F44462944FD0900B7C162 /* Base */ = {isa = PBXFileReference; lastKnownFileType = file.storyboard; name = Base; path = Base.lproj/Main.storyboard; sourceTree = "<group>"; };
		AC4F44482944FD0B00B7C162 /* Assets.xcassets */ = {isa = PBXFileReference; lastKnownFileType = folder.assetcatalog; path = Assets.xcassets; sourceTree = "<group>"; };
		AC4F444B2944FD0B00B7C162 /* Base */ = {isa = PBXFileReference; lastKnownFileType = file.storyboard; name = Base; path = Base.lproj/LaunchScreen.storyboard; sourceTree = "<group>"; };
		AC4F444D2944FD0B00B7C162 /* Info.plist */ = {isa = PBXFileReference; lastKnownFileType = text.plist.xml; path = Info.plist; sourceTree = "<group>"; };
		AC4F44502944FD0B00B7C162 /* NoPonto WatchKit App.app */ = {isa = PBXFileReference; explicitFileType = wrapper.application; includeInIndex = 0; path = "NoPonto WatchKit App.app"; sourceTree = BUILT_PRODUCTS_DIR; };
		AC4F44562944FD0B00B7C162 /* Base */ = {isa = PBXFileReference; lastKnownFileType = file.storyboard; name = Base; path = Base.lproj/Interface.storyboard; sourceTree = "<group>"; };
		AC4F44582944FD0C00B7C162 /* Assets.xcassets */ = {isa = PBXFileReference; lastKnownFileType = folder.assetcatalog; path = Assets.xcassets; sourceTree = "<group>"; };
		AC4F445E2944FD0D00B7C162 /* NoPonto WatchKit Extension.appex */ = {isa = PBXFileReference; explicitFileType = "wrapper.app-extension"; includeInIndex = 0; path = "NoPonto WatchKit Extension.appex"; sourceTree = BUILT_PRODUCTS_DIR; };
		AC4F44632944FD0D00B7C162 /* InterfaceController.swift */ = {isa = PBXFileReference; lastKnownFileType = sourcecode.swift; path = InterfaceController.swift; sourceTree = "<group>"; };
		AC4F44652944FD0D00B7C162 /* ExtensionDelegate.swift */ = {isa = PBXFileReference; lastKnownFileType = sourcecode.swift; path = ExtensionDelegate.swift; sourceTree = "<group>"; };
		AC4F44672944FD0D00B7C162 /* ComplicationController.swift */ = {isa = PBXFileReference; lastKnownFileType = sourcecode.swift; path = ComplicationController.swift; sourceTree = "<group>"; };
		AC4F44692944FD0E00B7C162 /* Assets.xcassets */ = {isa = PBXFileReference; lastKnownFileType = folder.assetcatalog; path = Assets.xcassets; sourceTree = "<group>"; };
		AC4F446B2944FD0E00B7C162 /* Info.plist */ = {isa = PBXFileReference; lastKnownFileType = text.plist.xml; path = Info.plist; sourceTree = "<group>"; };
/* End PBXFileReference section */

/* Begin PBXFrameworksBuildPhase section */
		AC4F44392944FD0900B7C162 /* Frameworks */ = {
			isa = PBXFrameworksBuildPhase;
			buildActionMask = 2147483647;
			files = (
			);
			runOnlyForDeploymentPostprocessing = 0;
		};
		AC4F445B2944FD0D00B7C162 /* Frameworks */ = {
			isa = PBXFrameworksBuildPhase;
			buildActionMask = 2147483647;
			files = (
			);
			runOnlyForDeploymentPostprocessing = 0;
		};
/* End PBXFrameworksBuildPhase section */

/* Begin PBXGroup section */
		AC4F44332944FD0900B7C162 = {
			isa = PBXGroup;
			children = (
				AC4F443E2944FD0900B7C162 /* NoPonto */,
				AC4F44542944FD0B00B7C162 /* NoPonto WatchKit App */,
				AC4F44622944FD0D00B7C162 /* NoPonto WatchKit Extension */,
				AC4F443D2944FD0900B7C162 /* Products */,
			);
			sourceTree = "<group>";
		};
		AC4F443D2944FD0900B7C162 /* Products */ = {
			isa = PBXGroup;
			children = (
				AC4F443C2944FD0900B7C162 /* NoPonto.app */,
				AC4F44502944FD0B00B7C162 /* NoPonto WatchKit App.app */,
				AC4F445E2944FD0D00B7C162 /* NoPonto WatchKit Extension.appex */,
			);
			name = Products;
			sourceTree = "<group>";
		};
		AC4F443E2944FD0900B7C162 /* NoPonto */ = {
			isa = PBXGroup;
			children = (
				AC4F443F2944FD0900B7C162 /* AppDelegate.swift */,
				AC4F44412944FD0900B7C162 /* SceneDelegate.swift */,
				AC4F44432944FD0900B7C162 /* ViewController.swift */,
				AC4F44452944FD0900B7C162 /* Main.storyboard */,
				AC4F44482944FD0B00B7C162 /* Assets.xcassets */,
				AC4F444A2944FD0B00B7C162 /* LaunchScreen.storyboard */,
				AC4F444D2944FD0B00B7C162 /* Info.plist */,
			);
			path = NoPonto;
			sourceTree = "<group>";
		};
		AC4F44542944FD0B00B7C162 /* NoPonto WatchKit App */ = {
			isa = PBXGroup;
			children = (
				AC4F44552944FD0B00B7C162 /* Interface.storyboard */,
				AC4F44582944FD0C00B7C162 /* Assets.xcassets */,
			);
			path = "NoPonto WatchKit App";
			sourceTree = "<group>";
		};
		AC4F44622944FD0D00B7C162 /* NoPonto WatchKit Extension */ = {
			isa = PBXGroup;
			children = (
				AC4F44632944FD0D00B7C162 /* InterfaceController.swift */,
				AC4F44652944FD0D00B7C162 /* ExtensionDelegate.swift */,
				AC4F44672944FD0D00B7C162 /* ComplicationController.swift */,
				AC4F44692944FD0E00B7C162 /* Assets.xcassets */,
				AC4F446B2944FD0E00B7C162 /* Info.plist */,
			);
			path = "NoPonto WatchKit Extension";
			sourceTree = "<group>";
		};
/* End PBXGroup section */

/* Begin PBXNativeTarget section */
		AC4F443B2944FD0900B7C162 /* NoPonto */ = {
			isa = PBXNativeTarget;
			buildConfigurationList = AC4F44762944FD0E00B7C162 /* Build configuration list for PBXNativeTarget "NoPonto" */;
			buildPhases = (
				AC4F44382944FD0900B7C162 /* Sources */,
				AC4F44392944FD0900B7C162 /* Frameworks */,
				AC4F443A2944FD0900B7C162 /* Resources */,
				AC4F44752944FD0E00B7C162 /* Embed Watch Content */,
			);
			buildRules = (
			);
			dependencies = (
				AC4F44532944FD0B00B7C162 /* PBXTargetDependency */,
			);
			name = NoPonto;
			productName = NoPonto;
			productReference = AC4F443C2944FD0900B7C162 /* NoPonto.app */;
			productType = "com.apple.product-type.application";
		};
		AC4F444F2944FD0B00B7C162 /* NoPonto WatchKit App */ = {
			isa = PBXNativeTarget;
			buildConfigurationList = AC4F44722944FD0E00B7C162 /* Build configuration list for PBXNativeTarget "NoPonto WatchKit App" */;
			buildPhases = (
				AC4F444E2944FD0B00B7C162 /* Resources */,
				AC4F44712944FD0E00B7C162 /* Embed App Extensions */,
			);
			buildRules = (
			);
			dependencies = (
				AC4F44612944FD0D00B7C162 /* PBXTargetDependency */,
			);
			name = "NoPonto WatchKit App";
			productName = "NoPonto WatchKit App";
			productReference = AC4F44502944FD0B00B7C162 /* NoPonto WatchKit App.app */;
			productType = "com.apple.product-type.application.watchapp2";
		};
		AC4F445D2944FD0D00B7C162 /* NoPonto WatchKit Extension */ = {
			isa = PBXNativeTarget;
			buildConfigurationList = AC4F446E2944FD0E00B7C162 /* Build configuration list for PBXNativeTarget "NoPonto WatchKit Extension" */;
			buildPhases = (
				AC4F445A2944FD0D00B7C162 /* Sources */,
				AC4F445B2944FD0D00B7C162 /* Frameworks */,
				AC4F445C2944FD0D00B7C162 /* Resources */,
			);
			buildRules = (
			);
			dependencies = (
			);
			name = "NoPonto WatchKit Extension";
			productName = "NoPonto WatchKit Extension";
			productReference = AC4F445E2944FD0D00B7C162 /* NoPonto WatchKit Extension.appex */;
			productType = "com.apple.product-type.watchkit2-extension";
		};
/* End PBXNativeTarget section */

/* Begin PBXProject section */
		AC4F44342944FD0900B7C162 /* Project object */ = {
			isa = PBXProject;
			attributes = {
				BuildIndependentTargetsInParallel = 1;
				LastSwiftUpdateCheck = 1340;
				LastUpgradeCheck = 1340;
				TargetAttributes = {
					AC4F443B2944FD0900B7C162 = {
						CreatedOnToolsVersion = 13.4;
					};
					AC4F444F2944FD0B00B7C162 = {
						CreatedOnToolsVersion = 13.4;
					};
					AC4F445D2944FD0D00B7C162 = {
						CreatedOnToolsVersion = 13.4;
					};
				};
			};
			buildConfigurationList = AC4F44372944FD0900B7C162 /* Build configuration list for PBXProject "NoPonto" */;
			compatibilityVersion = "Xcode 13.0";
			developmentRegion = en;
			hasScannedForEncodings = 0;
			knownRegions = (
				en,
				Base,
			);
			mainGroup = AC4F44332944FD0900B7C162;
			productRefGroup = AC4F443D2944FD0900B7C162 /* Products */;
			projectDirPath = "";
			projectRoot = "";
			targets = (
				AC4F443B2944FD0900B7C162 /* NoPonto */,
				AC4F444F2944FD0B00B7C162 /* NoPonto WatchKit App */,
				AC4F445D2944FD0D00B7C162 /* NoPonto WatchKit Extension */,
			);
		};
/* End PBXProject section */

/* Begin PBXResourcesBuildPhase section */
		AC4F443A2944FD0900B7C162 /* Resources */ = {
			isa = PBXResourcesBuildPhase;
			buildActionMask = 2147483647;
			files = (
				AC4F444C2944FD0B00B7C162 /* LaunchScreen.storyboard in Resources */,
				AC4F44492944FD0B00B7C162 /* Assets.xcassets in Resources */,
				AC4F44472944FD0900B7C162 /* Main.storyboard in Resources */,
			);
			runOnlyForDeploymentPostprocessing = 0;
		};
		AC4F444E2944FD0B00B7C162 /* Resources */ = {
			isa = PBXResourcesBuildPhase;
			buildActionMask = 2147483647;
			files = (
				AC4F44592944FD0C00B7C162 /* Assets.xcassets in Resources */,
				AC4F44572944FD0B00B7C162 /* Interface.storyboard in Resources */,
			);
			runOnlyForDeploymentPostprocessing = 0;
		};
		AC4F445C2944FD0D00B7C162 /* Resources */ = {
			isa = PBXResourcesBuildPhase;
			buildActionMask = 2147483647;
			files = (
				AC4F446A2944FD0E00B7C162 /* Assets.xcassets in Resources */,
			);
			runOnlyForDeploymentPostprocessing = 0;
		};
/* End PBXResourcesBuildPhase section */

/* Begin PBXSourcesBuildPhase section */
		AC4F44382944FD0900B7C162 /* Sources */ = {
			isa = PBXSourcesBuildPhase;
			buildActionMask = 2147483647;
			files = (
				AC4F44442944FD0900B7C162 /* ViewController.swift in Sources */,
				AC4F44402944FD0900B7C162 /* AppDelegate.swift in Sources */,
				AC4F44422944FD0900B7C162 /* SceneDelegate.swift in Sources */,
			);
			runOnlyForDeploymentPostprocessing = 0;
		};
		AC4F445A2944FD0D00B7C162 /* Sources */ = {
			isa = PBXSourcesBuildPhase;
			buildActionMask = 2147483647;
			files = (
				AC4F44662944FD0D00B7C162 /* ExtensionDelegate.swift in Sources */,
				AC4F44642944FD0D00B7C162 /* InterfaceController.swift in Sources */,
				AC4F44682944FD0D00B7C162 /* ComplicationController.swift in Sources */,
			);
			runOnlyForDeploymentPostprocessing = 0;
		};
/* End PBXSourcesBuildPhase section */

/* Begin PBXTargetDependency section */
		AC4F44532944FD0B00B7C162 /* PBXTargetDependency */ = {
			isa = PBXTargetDependency;
			target = AC4F444F2944FD0B00B7C162 /* NoPonto WatchKit App */;
			targetProxy = AC4F44522944FD0B00B7C162 /* PBXContainerItemProxy */;
		};
		AC4F44612944FD0D00B7C162 /* PBXTargetDependency */ = {
			isa = PBXTargetDependency;
			target = AC4F445D2944FD0D00B7C162 /* NoPonto WatchKit Extension */;
			targetProxy = AC4F44602944FD0D00B7C162 /* PBXContainerItemProxy */;
		};
/* End PBXTargetDependency section */

/* Begin PBXVariantGroup section */
		AC4F44452944FD0900B7C162 /* Main.storyboard */ = {
			isa = PBXVariantGroup;
			children = (
				AC4F44462944FD0900B7C162 /* Base */,
			);
			name = Main.storyboard;
			sourceTree = "<group>";
		};
		AC4F444A2944FD0B00B7C162 /* LaunchScreen.storyboard */ = {
			isa = PBXVariantGroup;
			children = (
				AC4F444B2944FD0B00B7C162 /* Base */,
			);
			name = LaunchScreen.storyboard;
			sourceTree = "<group>";
		};
		AC4F44552944FD0B00B7C162 /* Interface.storyboard */ = {
			isa = PBXVariantGroup;
			children = (
				AC4F44562944FD0B00B7C162 /* Base */,
			);
			name = Interface.storyboard;
			sourceTree = "<group>";
		};
/* End PBXVariantGroup section */

/* Begin XCBuildConfiguration section */
		AC4F446C2944FD0E00B7C162 /* Debug */ = {
			isa = XCBuildConfiguration;
			buildSettings = {
				ALWAYS_SEARCH_USER_PATHS = NO;
				CLANG_ANALYZER_NONNULL = YES;
				CLANG_ANALYZER_NUMBER_OBJECT_CONVERSION = YES_AGGRESSIVE;
				CLANG_CXX_LANGUAGE_STANDARD = "gnu++17";
				CLANG_ENABLE_MODULES = YES;
				CLANG_ENABLE_OBJC_ARC = YES;
				CLANG_ENABLE_OBJC_WEAK = YES;
				CLANG_WARN_BLOCK_CAPTURE_AUTORELEASING = YES;
				CLANG_WARN_BOOL_CONVERSION = YES;
				CLANG_WARN_COMMA = YES;
				CLANG_WARN_CONSTANT_CONVERSION = YES;
				CLANG_WARN_DEPRECATED_OBJC_IMPLEMENTATIONS = YES;
				CLANG_WARN_DIRECT_OBJC_ISA_USAGE = YES_ERROR;
				CLANG_WARN_DOCUMENTATION_COMMENTS = YES;
				CLANG_WARN_EMPTY_BODY = YES;
				CLANG_WARN_ENUM_CONVERSION = YES;
				CLANG_WARN_INFINITE_RECURSION = YES;
				CLANG_WARN_INT_CONVERSION = YES;
				CLANG_WARN_NON_LITERAL_NULL_CONVERSION = YES;
				CLANG_WARN_OBJC_IMPLICIT_RETAIN_SELF = YES;
				CLANG_WARN_OBJC_LITERAL_CONVERSION = YES;
				CLANG_WARN_OBJC_ROOT_CLASS = YES_ERROR;
				CLANG_WARN_QUOTED_INCLUDE_IN_FRAMEWORK_HEADER = YES;
				CLANG_WARN_RANGE_LOOP_ANALYSIS = YES;
				CLANG_WARN_STRICT_PROTOTYPES = YES;
				CLANG_WARN_SUSPICIOUS_MOVE = YES;
				CLANG_WARN_UNGUARDED_AVAILABILITY = YES_AGGRESSIVE;
				CLANG_WARN_UNREACHABLE_CODE = YES;
				CLANG_WARN__DUPLICATE_METHOD_MATCH = YES;
				COPY_PHASE_STRIP = NO;
				DEBUG_INFORMATION_FORMAT = dwarf;
				ENABLE_STRICT_OBJC_MSGSEND = YES;
				ENABLE_TESTABILITY = YES;
				GCC_C_LANGUAGE_STANDARD = gnu11;
				GCC_DYNAMIC_NO_PIC = NO;
				GCC_NO_COMMON_BLOCKS = YES;
				GCC_OPTIMIZATION_LEVEL = 0;
				GCC_PREPROCESSOR_DEFINITIONS = (
					"DEBUG=1",
					"$(inherited)",
				);
				GCC_WARN_64_TO_32_BIT_CONVERSION = YES;
				GCC_WARN_ABOUT_RETURN_TYPE = YES_ERROR;
				GCC_WARN_UNDECLARED_SELECTOR = YES;
				GCC_WARN_UNINITIALIZED_AUTOS = YES_AGGRESSIVE;
				GCC_WARN_UNUSED_FUNCTION = YES;
				GCC_WARN_UNUSED_VARIABLE = YES;
				MTL_ENABLE_DEBUG_INFO = INCLUDE_SOURCE;
				MTL_FAST_MATH = YES;
				ONLY_ACTIVE_ARCH = YES;
				SWIFT_ACTIVE_COMPILATION_CONDITIONS = DEBUG;
				SWIFT_OPTIMIZATION_LEVEL = "-Onone";
			};
			name = Debug;
		};
		AC4F446D2944FD0E00B7C162 /* Release */ = {
			isa = XCBuildConfiguration;
			buildSettings = {
				ALWAYS_SEARCH_USER_PATHS = NO;
				CLANG_ANALYZER_NONNULL = YES;
				CLANG_ANALYZER_NUMBER_OBJECT_CONVERSION = YES_AGGRESSIVE;
				CLANG_CXX_LANGUAGE_STANDARD = "gnu++17";
				CLANG_ENABLE_MODULES = YES;
				CLANG_ENABLE_OBJC_ARC = YES;
				CLANG_ENABLE_OBJC_WEAK = YES;
				CLANG_WARN_BLOCK_CAPTURE_AUTORELEASING = YES;
				CLANG_WARN_BOOL_CONVERSION = YES;
				CLANG_WARN_COMMA = YES;
				CLANG_WARN_CONSTANT_CONVERSION = YES;
				CLANG_WARN_DEPRECATED_OBJC_IMPLEMENTATIONS = YES;
				CLANG_WARN_DIRECT_OBJC_ISA_USAGE = YES_ERROR;
				CLANG_WARN_DOCUMENTATION_COMMENTS = YES;
				CLANG_WARN_EMPTY_BODY = YES;
				CLANG_WARN_ENUM_CONVERSION = YES;
				CLANG_WARN_INFINITE_RECURSION = YES;
				CLANG_WARN_INT_CONVERSION = YES;
				CLANG_WARN_NON_LITERAL_NULL_CONVERSION = YES;
				CLANG_WARN_OBJC_IMPLICIT_RETAIN_SELF = YES;
				CLANG_WARN_OBJC_LITERAL_CONVERSION = YES;
				CLANG_WARN_OBJC_ROOT_CLASS = YES_ERROR;
				CLANG_WARN_QUOTED_INCLUDE_IN_FRAMEWORK_HEADER = YES;
				CLANG_WARN_RANGE_LOOP_ANALYSIS = YES;
				CLANG_WARN_STRICT_PROTOTYPES = YES;
				CLANG_WARN_SUSPICIOUS_MOVE = YES;
				CLANG_WARN_UNGUARDED_AVAILABILITY = YES_AGGRESSIVE;
				CLANG_WARN_UNREACHABLE_CODE = YES;
				CLANG_WARN__DUPLICATE_METHOD_MATCH = YES;
				COPY_PHASE_STRIP = NO;
				DEBUG_INFORMATION_FORMAT = "dwarf-with-dsym";
				ENABLE_NS_ASSERTIONS = NO;
				ENABLE_STRICT_OBJC_MSGSEND = YES;
				GCC_C_LANGUAGE_STANDARD = gnu11;
				GCC_NO_COMMON_BLOCKS = YES;
				GCC_WARN_64_TO_32_BIT_CONVERSION = YES;
				GCC_WARN_ABOUT_RETURN_TYPE = YES_ERROR;
				GCC_WARN_UNDECLARED_SELECTOR = YES;
				GCC_WARN_UNINITIALIZED_AUTOS = YES_AGGRESSIVE;
				GCC_WARN_UNUSED_FUNCTION = YES;
				GCC_WARN_UNUSED_VARIABLE = YES;
				MTL_ENABLE_DEBUG_INFO = NO;
				MTL_FAST_MATH = YES;
				SWIFT_COMPILATION_MODE = wholemodule;
				SWIFT_OPTIMIZATION_LEVEL = "-O";
			};
			name = Release;
		};
		AC4F446F2944FD0E00B7C162 /* Debug */ = {
			isa = XCBuildConfiguration;
			buildSettings = {
				ASSETCATALOG_COMPILER_COMPLICATION_NAME = Complication;
				CODE_SIGN_STYLE = Automatic;
				CURRENT_PROJECT_VERSION = 1;
				GENERATE_INFOPLIST_FILE = YES;
				INFOPLIST_FILE = "NoPonto WatchKit Extension/Info.plist";
				INFOPLIST_KEY_CFBundleDisplayName = "NoPonto WatchKit Extension";
				INFOPLIST_KEY_CLKComplicationPrincipalClass = "$(PRODUCT_MODULE_NAME).ComplicationController";
				INFOPLIST_KEY_NSHumanReadableCopyright = "";
				INFOPLIST_KEY_WKExtensionDelegateClassName = "$(PRODUCT_MODULE_NAME).ExtensionDelegate";
				INFOPLIST_KEY_WKRunsIndependentlyOfCompanionApp = YES;
				LD_RUNPATH_SEARCH_PATHS = (
					"$(inherited)",
					"@executable_path/Frameworks",
					"@executable_path/../../Frameworks",
				);
				MARKETING_VERSION = 1.0;
				PRODUCT_BUNDLE_IDENTIFIER = br.com.fiap.NoPonto.watchkitapp.watchkitextension;
				PRODUCT_NAME = "${TARGET_NAME}";
				SDKROOT = watchos;
				SKIP_INSTALL = YES;
				SWIFT_EMIT_LOC_STRINGS = YES;
				SWIFT_VERSION = 5.0;
				TARGETED_DEVICE_FAMILY = 4;
				WATCHOS_DEPLOYMENT_TARGET = 8.5;
			};
			name = Debug;
		};
		AC4F44702944FD0E00B7C162 /* Release */ = {
			isa = XCBuildConfiguration;
			buildSettings = {
				ASSETCATALOG_COMPILER_COMPLICATION_NAME = Complication;
				CODE_SIGN_STYLE = Automatic;
				CURRENT_PROJECT_VERSION = 1;
				GENERATE_INFOPLIST_FILE = YES;
				INFOPLIST_FILE = "NoPonto WatchKit Extension/Info.plist";
				INFOPLIST_KEY_CFBundleDisplayName = "NoPonto WatchKit Extension";
				INFOPLIST_KEY_CLKComplicationPrincipalClass = "$(PRODUCT_MODULE_NAME).ComplicationController";
				INFOPLIST_KEY_NSHumanReadableCopyright = "";
				INFOPLIST_KEY_WKExtensionDelegateClassName = "$(PRODUCT_MODULE_NAME).ExtensionDelegate";
				INFOPLIST_KEY_WKRunsIndependentlyOfCompanionApp = YES;
				LD_RUNPATH_SEARCH_PATHS = (
					"$(inherited)",
					"@executable_path/Frameworks",
					"@executable_path/../../Frameworks",
				);
				MARKETING_VERSION = 1.0;
				PRODUCT_BUNDLE_IDENTIFIER = br.com.fiap.NoPonto.watchkitapp.watchkitextension;
				PRODUCT_NAME = "${TARGET_NAME}";
				SDKROOT = watchos;
				SKIP_INSTALL = YES;
				SWIFT_EMIT_LOC_STRINGS = YES;
				SWIFT_VERSION = 5.0;
				TARGETED_DEVICE_FAMILY = 4;
				VALIDATE_PRODUCT = YES;
				WATCHOS_DEPLOYMENT_TARGET = 8.5;
			};
			name = Release;
		};
		AC4F44732944FD0E00B7C162 /* Debug */ = {
			isa = XCBuildConfiguration;
			buildSettings = {
				ALWAYS_EMBED_SWIFT_STANDARD_LIBRARIES = YES;
				ASSETCATALOG_COMPILER_APPICON_NAME = AppIcon;
				ASSETCATALOG_COMPILER_GLOBAL_ACCENT_COLOR_NAME = AccentColor;
				CODE_SIGN_STYLE = Automatic;
				CURRENT_PROJECT_VERSION = 1;
				GENERATE_INFOPLIST_FILE = YES;
				IBSC_MODULE = NoPonto_WatchKit_Extension;
				INFOPLIST_KEY_CFBundleDisplayName = "NoPonto WatchKit App";
				INFOPLIST_KEY_UISupportedInterfaceOrientations = "UIInterfaceOrientationPortrait UIInterfaceOrientationPortraitUpsideDown";
				INFOPLIST_KEY_WKCompanionAppBundleIdentifier = br.com.fiap.NoPonto;
				MARKETING_VERSION = 1.0;
				PRODUCT_BUNDLE_IDENTIFIER = br.com.fiap.NoPonto.watchkitapp;
				PRODUCT_NAME = "$(TARGET_NAME)";
				SDKROOT = watchos;
				SKIP_INSTALL = YES;
				SWIFT_EMIT_LOC_STRINGS = YES;
				SWIFT_VERSION = 5.0;
				TARGETED_DEVICE_FAMILY = 4;
				WATCHOS_DEPLOYMENT_TARGET = 8.5;
			};
			name = Debug;
		};
		AC4F44742944FD0E00B7C162 /* Release */ = {
			isa = XCBuildConfiguration;
			buildSettings = {
				ALWAYS_EMBED_SWIFT_STANDARD_LIBRARIES = YES;
				ASSETCATALOG_COMPILER_APPICON_NAME = AppIcon;
				ASSETCATALOG_COMPILER_GLOBAL_ACCENT_COLOR_NAME = AccentColor;
				CODE_SIGN_STYLE = Automatic;
				CURRENT_PROJECT_VERSION = 1;
				GENERATE_INFOPLIST_FILE = YES;
				IBSC_MODULE = NoPonto_WatchKit_Extension;
				INFOPLIST_KEY_CFBundleDisplayName = "NoPonto WatchKit App";
				INFOPLIST_KEY_UISupportedInterfaceOrientations = "UIInterfaceOrientationPortrait UIInterfaceOrientationPortraitUpsideDown";
				INFOPLIST_KEY_WKCompanionAppBundleIdentifier = br.com.fiap.NoPonto;
				MARKETING_VERSION = 1.0;
				PRODUCT_BUNDLE_IDENTIFIER = br.com.fiap.NoPonto.watchkitapp;
				PRODUCT_NAME = "$(TARGET_NAME)";
				SDKROOT = watchos;
				SKIP_INSTALL = YES;
				SWIFT_EMIT_LOC_STRINGS = YES;
				SWIFT_VERSION = 5.0;
				TARGETED_DEVICE_FAMILY = 4;
				VALIDATE_PRODUCT = YES;
				WATCHOS_DEPLOYMENT_TARGET = 8.5;
			};
			name = Release;
		};
		AC4F44772944FD0E00B7C162 /* Debug */ = {
			isa = XCBuildConfiguration;
			buildSettings = {
				ASSETCATALOG_COMPILER_APPICON_NAME = AppIcon;
				ASSETCATALOG_COMPILER_GLOBAL_ACCENT_COLOR_NAME = AccentColor;
				CODE_SIGN_STYLE = Automatic;
				CURRENT_PROJECT_VERSION = 1;
				GENERATE_INFOPLIST_FILE = YES;
				INFOPLIST_FILE = NoPonto/Info.plist;
				INFOPLIST_KEY_UIApplicationSupportsIndirectInputEvents = YES;
				INFOPLIST_KEY_UILaunchStoryboardName = LaunchScreen;
				INFOPLIST_KEY_UIMainStoryboardFile = Main;
				INFOPLIST_KEY_UISupportedInterfaceOrientations_iPad = "UIInterfaceOrientationPortrait UIInterfaceOrientationPortraitUpsideDown UIInterfaceOrientationLandscapeLeft UIInterfaceOrientationLandscapeRight";
				INFOPLIST_KEY_UISupportedInterfaceOrientations_iPhone = "UIInterfaceOrientationPortrait UIInterfaceOrientationLandscapeLeft UIInterfaceOrientationLandscapeRight";
				IPHONEOS_DEPLOYMENT_TARGET = 15.5;
				LD_RUNPATH_SEARCH_PATHS = (
					"$(inherited)",
					"@executable_path/Frameworks",
				);
				MARKETING_VERSION = 1.0;
				PRODUCT_BUNDLE_IDENTIFIER = br.com.fiap.NoPonto;
				PRODUCT_NAME = "$(TARGET_NAME)";
				SDKROOT = iphoneos;
				SWIFT_EMIT_LOC_STRINGS = YES;
				SWIFT_VERSION = 5.0;
				TARGETED_DEVICE_FAMILY = "1,2";
			};
			name = Debug;
		};
		AC4F44782944FD0E00B7C162 /* Release */ = {
			isa = XCBuildConfiguration;
			buildSettings = {
				ASSETCATALOG_COMPILER_APPICON_NAME = AppIcon;
				ASSETCATALOG_COMPILER_GLOBAL_ACCENT_COLOR_NAME = AccentColor;
				CODE_SIGN_STYLE = Automatic;
				CURRENT_PROJECT_VERSION = 1;
				GENERATE_INFOPLIST_FILE = YES;
				INFOPLIST_FILE = NoPonto/Info.plist;
				INFOPLIST_KEY_UIApplicationSupportsIndirectInputEvents = YES;
				INFOPLIST_KEY_UILaunchStoryboardName = LaunchScreen;
				INFOPLIST_KEY_UIMainStoryboardFile = Main;
				INFOPLIST_KEY_UISupportedInterfaceOrientations_iPad = "UIInterfaceOrientationPortrait UIInterfaceOrientationPortraitUpsideDown UIInterfaceOrientationLandscapeLeft UIInterfaceOrientationLandscapeRight";
				INFOPLIST_KEY_UISupportedInterfaceOrientations_iPhone = "UIInterfaceOrientationPortrait UIInterfaceOrientationLandscapeLeft UIInterfaceOrientationLandscapeRight";
				IPHONEOS_DEPLOYMENT_TARGET = 15.5;
				LD_RUNPATH_SEARCH_PATHS = (
					"$(inherited)",
					"@executable_path/Frameworks",
				);
				MARKETING_VERSION = 1.0;
				PRODUCT_BUNDLE_IDENTIFIER = br.com.fiap.NoPonto;
				PRODUCT_NAME = "$(TARGET_NAME)";
				SDKROOT = iphoneos;
				SWIFT_EMIT_LOC_STRINGS = YES;
				SWIFT_VERSION = 5.0;
				TARGETED_DEVICE_FAMILY = "1,2";
				VALIDATE_PRODUCT = YES;
			};
			name = Release;
		};
/* End XCBuildConfiguration section */

/* Begin XCConfigurationList section */
		AC4F44372944FD0900B7C162 /* Build configuration list for PBXProject "NoPonto" */ = {
			isa = XCConfigurationList;
			buildConfigurations = (
				AC4F446C2944FD0E00B7C162 /* Debug */,
				AC4F446D2944FD0E00B7C162 /* Release */,
			);
			defaultConfigurationIsVisible = 0;
			defaultConfigurationName = Release;
		};
		AC4F446E2944FD0E00B7C162 /* Build configuration list for PBXNativeTarget "NoPonto WatchKit Extension" */ = {
			isa = XCConfigurationList;
			buildConfigurations = (
				AC4F446F2944FD0E00B7C162 /* Debug */,
				AC4F44702944FD0E00B7C162 /* Release */,
			);
			defaultConfigurationIsVisible = 0;
			defaultConfigurationName = Release;
		};
		AC4F44722944FD0E00B7C162 /* Build configuration list for PBXNativeTarget "NoPonto WatchKit App" */ = {
			isa = XCConfigurationList;
			buildConfigurations = (
				AC4F44732944FD0E00B7C162 /* Debug */,
				AC4F44742944FD0E00B7C162 /* Release */,
			);
			defaultConfigurationIsVisible = 0;
			defaultConfigurationName = Release;
		};
		AC4F44762944FD0E00B7C162 /* Build configuration list for PBXNativeTarget "NoPonto" */ = {
			isa = XCConfigurationList;
			buildConfigurations = (
				AC4F44772944FD0E00B7C162 /* Debug */,
				AC4F44782944FD0E00B7C162 /* Release */,
			);
			defaultConfigurationIsVisible = 0;
			defaultConfigurationName = Release;
		};
/* End XCConfigurationList section */
	};
	rootObject = AC4F44342944FD0900B7C162 /* Project object */;
}
